// !$*UTF8*$!
{
	archiveVersion = 1;
	classes = {
	};
	objectVersion = 46;
	objects = {

/* Begin PBXBuildFile section */
		C235F1F41B4E4D9D00266D80 /* main.m in Sources */ = {isa = PBXBuildFile; fileRef = C235F1F31B4E4D9D00266D80 /* main.m */; };
		C235F1F71B4E4D9D00266D80 /* AppDelegate.m in Sources */ = {isa = PBXBuildFile; fileRef = C235F1F61B4E4D9D00266D80 /* AppDelegate.m */; };
		C235F1FA1B4E4D9D00266D80 /* ViewController.m in Sources */ = {isa = PBXBuildFile; fileRef = C235F1F91B4E4D9D00266D80 /* ViewController.m */; };
		C235F1FD1B4E4D9D00266D80 /* Main.storyboard in Resources */ = {isa = PBXBuildFile; fileRef = C235F1FB1B4E4D9D00266D80 /* Main.storyboard */; };
		C235F1FF1B4E4D9D00266D80 /* Images.xcassets in Resources */ = {isa = PBXBuildFile; fileRef = C235F1FE1B4E4D9D00266D80 /* Images.xcassets */; };
		C235F2021B4E4D9D00266D80 /* LaunchScreen.xib in Resources */ = {isa = PBXBuildFile; fileRef = C235F2001B4E4D9D00266D80 /* LaunchScreen.xib */; };
		C235F20E1B4E4D9D00266D80 /* _345678Tests.m in Sources */ = {isa = PBXBuildFile; fileRef = C235F20D1B4E4D9D00266D80 /* _345678Tests.m */; };
/* End PBXBuildFile section */

/* Begin PBXContainerItemProxy section */
		C235F2081B4E4D9D00266D80 /* PBXContainerItemProxy */ = {
			isa = PBXContainerItemProxy;
			containerPortal = C235F1E61B4E4D9D00266D80 /* Project object */;
			proxyType = 1;
			remoteGlobalIDString = C235F1ED1B4E4D9D00266D80;
			remoteInfo = 2345678;
		};
/* End PBXContainerItemProxy section */

/* Begin PBXFileReference section */
		C235F1EE1B4E4D9D00266D80 /* 2345678.app */ = {isa = PBXFileReference; explicitFileType = wrapper.application; includeInIndex = 0; path = 2345678.app; sourceTree = BUILT_PRODUCTS_DIR; };
		C235F1F21B4E4D9D00266D80 /* Info.plist */ = {isa = PBXFileReference; lastKnownFileType = text.plist.xml; path = Info.plist; sourceTree = "<group>"; };
		C235F1F31B4E4D9D00266D80 /* main.m */ = {isa = PBXFileReference; lastKnownFileType = sourcecode.c.objc; path = main.m; sourceTree = "<group>"; };
		C235F1F51B4E4D9D00266D80 /* AppDelegate.h */ = {isa = PBXFileReference; lastKnownFileType = sourcecode.c.h; path = AppDelegate.h; sourceTree = "<group>"; };
		C235F1F61B4E4D9D00266D80 /* AppDelegate.m */ = {isa = PBXFileReference; lastKnownFileType = sourcecode.c.objc; path = AppDelegate.m; sourceTree = "<group>"; };
		C235F1F81B4E4D9D00266D80 /* ViewController.h */ = {isa = PBXFileReference; lastKnownFileType = sourcecode.c.h; path = ViewController.h; sourceTree = "<group>"; };
		C235F1F91B4E4D9D00266D80 /* ViewController.m */ = {isa = PBXFileReference; lastKnownFileType = sourcecode.c.objc; path = ViewController.m; sourceTree = "<group>"; };
		C235F1FC1B4E4D9D00266D80 /* Base */ = {isa = PBXFileReference; lastKnownFileType = file.storyboard; name = Base; path = Base.lproj/Main.storyboard; sourceTree = "<group>"; };
		C235F1FE1B4E4D9D00266D80 /* Images.xcassets */ = {isa = PBXFileReference; lastKnownFileType = folder.assetcatalog; path = Images.xcassets; sourceTree = "<group>"; };
		C235F2011B4E4D9D00266D80 /* Base */ = {isa = PBXFileReference; lastKnownFileType = file.xib; name = Base; path = Base.lproj/LaunchScreen.xib; sourceTree = "<group>"; };
		C235F2071B4E4D9D00266D80 /* 2345678Tests.xctest */ = {isa = PBXFileReference; explicitFileType = wrapper.cfbundle; includeInIndex = 0; path = 2345678Tests.xctest; sourceTree = BUILT_PRODUCTS_DIR; };
		C235F20C1B4E4D9D00266D80 /* Info.plist */ = {isa = PBXFileReference; lastKnownFileType = text.plist.xml; path = Info.plist; sourceTree = "<group>"; };
		C235F20D1B4E4D9D00266D80 /* _345678Tests.m */ = {isa = PBXFileReference; lastKnownFileType = sourcecode.c.objc; path = _345678Tests.m; sourceTree = "<group>"; };
/* End PBXFileReference section */

/* Begin PBXFrameworksBuildPhase section */
		C235F1EB1B4E4D9D00266D80 /* Frameworks */ = {
			isa = PBXFrameworksBuildPhase;
			buildActionMask = 2147483647;
			files = (
			);
			runOnlyForDeploymentPostprocessing = 0;
		};
		C235F2041B4E4D9D00266D80 /* Frameworks */ = {
			isa = PBXFrameworksBuildPhase;
			buildActionMask = 2147483647;
			files = (
			);
			runOnlyForDeploymentPostprocessing = 0;
		};
/* End PBXFrameworksBuildPhase section */

/* Begin PBXGroup section */
		C235F1E51B4E4D9D00266D80 = {
			isa = PBXGroup;
			children = (
				C235F1F01B4E4D9D00266D80 /* 2345678 */,
				C235F20A1B4E4D9D00266D80 /* 2345678Tests */,
				C235F1EF1B4E4D9D00266D80 /* Products */,
			);
			sourceTree = "<group>";
		};
		C235F1EF1B4E4D9D00266D80 /* Products */ = {
			isa = PBXGroup;
			children = (
				C235F1EE1B4E4D9D00266D80 /* 2345678.app */,
				C235F2071B4E4D9D00266D80 /* 2345678Tests.xctest */,
			);
			name = Products;
			sourceTree = "<group>";
		};
		C235F1F01B4E4D9D00266D80 /* 2345678 */ = {
			isa = PBXGroup;
			children = (
				C235F1F51B4E4D9D00266D80 /* AppDelegate.h */,
				C235F1F61B4E4D9D00266D80 /* AppDelegate.m */,
				C235F1F81B4E4D9D00266D80 /* ViewController.h */,
				C235F1F91B4E4D9D00266D80 /* ViewController.m */,
				C235F1FB1B4E4D9D00266D80 /* Main.storyboard */,
				C235F1FE1B4E4D9D00266D80 /* Images.xcassets */,
				C235F2001B4E4D9D00266D80 /* LaunchScreen.xib */,
				C235F1F11B4E4D9D00266D80 /* Supporting Files */,
			);
			path = 2345678;
			sourceTree = "<group>";
		};
		C235F1F11B4E4D9D00266D80 /* Supporting Files */ = {
			isa = PBXGroup;
			children = (
				C235F1F21B4E4D9D00266D80 /* Info.plist */,
				C235F1F31B4E4D9D00266D80 /* main.m */,
			);
			name = "Supporting Files";
			sourceTree = "<group>";
		};
		C235F20A1B4E4D9D00266D80 /* 2345678Tests */ = {
			isa = PBXGroup;
			children = (
				C235F20D1B4E4D9D00266D80 /* _345678Tests.m */,
				C235F20B1B4E4D9D00266D80 /* Supporting Files */,
			);
			path = 2345678Tests;
			sourceTree = "<group>";
		};
		C235F20B1B4E4D9D00266D80 /* Supporting Files */ = {
			isa = PBXGroup;
			children = (
				C235F20C1B4E4D9D00266D80 /* Info.plist */,
			);
			name = "Supporting Files";
			sourceTree = "<group>";
		};
/* End PBXGroup section */

/* Begin PBXNativeTarget section */
		C235F1ED1B4E4D9D00266D80 /* 2345678 */ = {
			isa = PBXNativeTarget;
			buildConfigurationList = C235F2111B4E4D9D00266D80 /* Build configuration list for PBXNativeTarget "2345678" */;
			buildPhases = (
				C235F1EA1B4E4D9D00266D80 /* Sources */,
				C235F1EB1B4E4D9D00266D80 /* Frameworks */,
				C235F1EC1B4E4D9D00266D80 /* Resources */,
			);
			buildRules = (
			);
			dependencies = (
			);
			name = 2345678;
			productName = 2345678;
			productReference = C235F1EE1B4E4D9D00266D80 /* 2345678.app */;
			productType = "com.apple.product-type.application";
		};
		C235F2061B4E4D9D00266D80 /* 2345678Tests */ = {
			isa = PBXNativeTarget;
			buildConfigurationList = C235F2141B4E4D9D00266D80 /* Build configuration list for PBXNativeTarget "2345678Tests" */;
			buildPhases = (
				C235F2031B4E4D9D00266D80 /* Sources */,
				C235F2041B4E4D9D00266D80 /* Frameworks */,
				C235F2051B4E4D9D00266D80 /* Resources */,
			);
			buildRules = (
			);
			dependencies = (
				C235F2091B4E4D9D00266D80 /* PBXTargetDependency */,
			);
			name = 2345678Tests;
			productName = 2345678Tests;
			productReference = C235F2071B4E4D9D00266D80 /* 2345678Tests.xctest */;
			productType = "com.apple.product-type.bundle.unit-test";
		};
/* End PBXNativeTarget section */

/* Begin PBXProject section */
		C235F1E61B4E4D9D00266D80 /* Project object */ = {
			isa = PBXProject;
			attributes = {
				LastUpgradeCheck = 0600;
				ORGANIZATIONNAME = "周文";
				TargetAttributes = {
					C235F1ED1B4E4D9D00266D80 = {
						CreatedOnToolsVersion = 6.0.1;
					};
					C235F2061B4E4D9D00266D80 = {
						CreatedOnToolsVersion = 6.0.1;
						TestTargetID = C235F1ED1B4E4D9D00266D80;
					};
				};
			};
			buildConfigurationList = C235F1E91B4E4D9D00266D80 /* Build configuration list for PBXProject "2345678" */;
			compatibilityVersion = "Xcode 3.2";
			developmentRegion = English;
			hasScannedForEncodings = 0;
			knownRegions = (
				en,
				Base,
			);
			mainGroup = C235F1E51B4E4D9D00266D80;
			productRefGroup = C235F1EF1B4E4D9D00266D80 /* Products */;
			projectDirPath = "";
			projectRoot = "";
			targets = (
				C235F1ED1B4E4D9D00266D80 /* 2345678 */,
				C235F2061B4E4D9D00266D80 /* 2345678Tests */,
			);
		};
/* End PBXProject section */

/* Begin PBXResourcesBuildPhase section */
		C235F1EC1B4E4D9D00266D80 /* Resources */ = {
			isa = PBXResourcesBuildPhase;
			buildActionMask = 2147483647;
			files = (
				C235F1FD1B4E4D9D00266D80 /* Main.storyboard in Resources */,
				C235F2021B4E4D9D00266D80 /* LaunchScreen.xib in Resources */,
				C235F1FF1B4E4D9D00266D80 /* Images.xcassets in Resources */,
			);
			runOnlyForDeploymentPostprocessing = 0;
		};
		C235F2051B4E4D9D00266D80 /* Resources */ = {
			isa = PBXResourcesBuildPhase;
			buildActionMask = 2147483647;
			files = (
			);
			runOnlyForDeploymentPostprocessing = 0;
		};
/* End PBXResourcesBuildPhase section */

/* Begin PBXSourcesBuildPhase section */
		C235F1EA1B4E4D9D00266D80 /* Sources */ = {
			isa = PBXSourcesBuildPhase;
			buildActionMask = 2147483647;
			files = (
				C235F1FA1B4E4D9D00266D80 /* ViewController.m in Sources */,
				C235F1F71B4E4D9D00266D80 /* AppDelegate.m in Sources */,
				C235F1F41B4E4D9D00266D80 /* main.m in Sources */,
			);
			runOnlyForDeploymentPostprocessing = 0;
		};
		C235F2031B4E4D9D00266D80 /* Sources */ = {
			isa = PBXSourcesBuildPhase;
			buildActionMask = 2147483647;
			files = (
				C235F20E1B4E4D9D00266D80 /* _345678Tests.m in Sources */,
			);
			runOnlyForDeploymentPostprocessing = 0;
		};
/* End PBXSourcesBuildPhase section */

/* Begin PBXTargetDependency section */
		C235F2091B4E4D9D00266D80 /* PBXTargetDependency */ = {
			isa = PBXTargetDependency;
			target = C235F1ED1B4E4D9D00266D80 /* 2345678 */;
			targetProxy = C235F2081B4E4D9D00266D80 /* PBXContainerItemProxy */;
		};
/* End PBXTargetDependency section */

/* Begin PBXVariantGroup section */
		C235F1FB1B4E4D9D00266D80 /* Main.storyboard */ = {
			isa = PBXVariantGroup;
			children = (
				C235F1FC1B4E4D9D00266D80 /* Base */,
			);
			name = Main.storyboard;
			sourceTree = "<group>";
		};
		C235F2001B4E4D9D00266D80 /* LaunchScreen.xib */ = {
			isa = PBXVariantGroup;
			children = (
				C235F2011B4E4D9D00266D80 /* Base */,
			);
			name = LaunchScreen.xib;
			sourceTree = "<group>";
		};
/* End PBXVariantGroup section */

/* Begin XCBuildConfiguration section */
		C235F20F1B4E4D9D00266D80 /* Debug */ = {
			isa = XCBuildConfiguration;
			buildSettings = {
				ALWAYS_SEARCH_USER_PATHS = NO;
				CLANG_CXX_LANGUAGE_STANDARD = "gnu++0x";
				CLANG_CXX_LIBRARY = "libc++";
				CLANG_ENABLE_MODULES = YES;
				CLANG_ENABLE_OBJC_ARC = YES;
				CLANG_WARN_BOOL_CONVERSION = YES;
				CLANG_WARN_CONSTANT_CONVERSION = YES;
				CLANG_WARN_DIRECT_OBJC_ISA_USAGE = YES_ERROR;
				CLANG_WARN_EMPTY_BODY = YES;
				CLANG_WARN_ENUM_CONVERSION = YES;
				CLANG_WARN_INT_CONVERSION = YES;
				CLANG_WARN_OBJC_ROOT_CLASS = YES_ERROR;
				CLANG_WARN_UNREACHABLE_CODE = YES;
				CLANG_WARN__DUPLICATE_METHOD_MATCH = YES;
				"CODE_SIGN_IDENTITY[sdk=iphoneos*]" = "iPhone Developer";
				COPY_PHASE_STRIP = NO;
				ENABLE_STRICT_OBJC_MSGSEND = YES;
				GCC_C_LANGUAGE_STANDARD = gnu99;
				GCC_DYNAMIC_NO_PIC = NO;
				GCC_OPTIMIZATION_LEVEL = 0;
				GCC_PREPROCESSOR_DEFINITIONS = (
					"DEBUG=1",
					"$(inherited)",
				);
				GCC_SYMBOLS_PRIVATE_EXTERN = NO;
				GCC_WARN_64_TO_32_BIT_CONVERSION = YES;
				GCC_WARN_ABOUT_RETURN_TYPE = YES_ERROR;
				GCC_WARN_UNDECLARED_SELECTOR = YES;
				GCC_WARN_UNINITIALIZED_AUTOS = YES_AGGRESSIVE;
				GCC_WARN_UNUSED_FUNCTION = YES;
				GCC_WARN_UNUSED_VARIABLE = YES;
				IPHONEOS_DEPLOYMENT_TARGET = 8.0;
				MTL_ENABLE_DEBUG_INFO = YES;
				ONLY_ACTIVE_ARCH = YES;
				SDKROOT = iphoneos;
				TARGETED_DEVICE_FAMILY = "1,2";
			};
			name = Debug;
		};
		C235F2101B4E4D9D00266D80 /* Release */ = {
			isa = XCBuildConfiguration;
			buildSettings = {
				ALWAYS_SEARCH_USER_PATHS = NO;
				CLANG_CXX_LANGUAGE_STANDARD = "gnu++0x";
				CLANG_CXX_LIBRARY = "libc++";
				CLANG_ENABLE_MODULES = YES;
				CLANG_ENABLE_OBJC_ARC = YES;
				CLANG_WARN_BOOL_CONVERSION = YES;
				CLANG_WARN_CONSTANT_CONVERSION = YES;
				CLANG_WARN_DIRECT_OBJC_ISA_USAGE = YES_ERROR;
				CLANG_WARN_EMPTY_BODY = YES;
				CLANG_WARN_ENUM_CONVERSION = YES;
				CLANG_WARN_INT_CONVERSION = YES;
				CLANG_WARN_OBJC_ROOT_CLASS = YES_ERROR;
				CLANG_WARN_UNREACHABLE_CODE = YES;
				CLANG_WARN__DUPLICATE_METHOD_MATCH = YES;
				"CODE_SIGN_IDENTITY[sdk=iphoneos*]" = "iPhone Developer";
				COPY_PHASE_STRIP = YES;
				ENABLE_NS_ASSERTIONS = NO;
				ENABLE_STRICT_OBJC_MSGSEND = YES;
				GCC_C_LANGUAGE_STANDARD = gnu99;
				GCC_WARN_64_TO_32_BIT_CONVERSION = YES;
				GCC_WARN_ABOUT_RETURN_TYPE = YES_ERROR;
				GCC_WARN_UNDECLARED_SELECTOR = YES;
				GCC_WARN_UNINITIALIZED_AUTOS = YES_AGGRESSIVE;
				GCC_WARN_UNUSED_FUNCTION = YES;
				GCC_WARN_UNUSED_VARIABLE = YES;
				IPHONEOS_DEPLOYMENT_TARGET = 8.0;
				MTL_ENABLE_DEBUG_INFO = NO;
				SDKROOT = iphoneos;
				TARGETED_DEVICE_FAMILY = "1,2";
				VALIDATE_PRODUCT = YES;
			};
			name = Release;
		};
		C235F2121B4E4D9D00266D80 /* Debug */ = {
			isa = XCBuildConfiguration;
			buildSettings = {
				ASSETCATALOG_COMPILER_APPICON_NAME = AppIcon;
				INFOPLIST_FILE = 2345678/Info.plist;
				LD_RUNPATH_SEARCH_PATHS = "$(inherited) @executable_path/Frameworks";
				PRODUCT_NAME = "$(TARGET_NAME)";
			};
			name = Debug;
		};
		C235F2131B4E4D9D00266D80 /* Release */ = {
			isa = XCBuildConfiguration;
			buildSettings = {
				ASSETCATALOG_COMPILER_APPICON_NAME = AppIcon;
				INFOPLIST_FILE = 2345678/Info.plist;
				LD_RUNPATH_SEARCH_PATHS = "$(inherited) @executable_path/Frameworks";
				PRODUCT_NAME = "$(TARGET_NAME)";
			};
			name = Release;
		};
		C235F2151B4E4D9D00266D80 /* Debug */ = {
			isa = XCBuildConfiguration;
			buildSettings = {
				BUNDLE_LOADER = "$(TEST_HOST)";
				FRAMEWORK_SEARCH_PATHS = (
					"$(SDKROOT)/Developer/Library/Frameworks",
					"$(inherited)",
				);
				GCC_PREPROCESSOR_DEFINITIONS = (
					"DEBUG=1",
					"$(inherited)",
				);
				INFOPLIST_FILE = 2345678Tests/Info.plist;
				LD_RUNPATH_SEARCH_PATHS = "$(inherited) @executable_path/Frameworks @loader_path/Frameworks";
				PRODUCT_NAME = "$(TARGET_NAME)";
				TEST_HOST = "$(BUILT_PRODUCTS_DIR)/2345678.app/2345678";
			};
			name = Debug;
		};
		C235F2161B4E4D9D00266D80 /* Release */ = {
			isa = XCBuildConfiguration;
			buildSettings = {
				BUNDLE_LOADER = "$(TEST_HOST)";
				FRAMEWORK_SEARCH_PATHS = (
					"$(SDKROOT)/Developer/Library/Frameworks",
					"$(inherited)",
				);
				INFOPLIST_FILE = 2345678Tests/Info.plist;
				LD_RUNPATH_SEARCH_PATHS = "$(inherited) @executable_path/Frameworks @loader_path/Frameworks";
				PRODUCT_NAME = "$(TARGET_NAME)";
				TEST_HOST = "$(BUILT_PRODUCTS_DIR)/2345678.app/2345678";
			};
			name = Release;
		};
/* End XCBuildConfiguration section */

/* Begin XCConfigurationList section */
		C235F1E91B4E4D9D00266D80 /* Build configuration list for PBXProject "2345678" */ = {
			isa = XCConfigurationList;
			buildConfigurations = (
				C235F20F1B4E4D9D00266D80 /* Debug */,
				C235F2101B4E4D9D00266D80 /* Release */,
			);
			defaultConfigurationIsVisible = 0;
			defaultConfigurationName = Release;
		};
		C235F2111B4E4D9D00266D80 /* Build configuration list for PBXNativeTarget "2345678" */ = {
			isa = XCConfigurationList;
			buildConfigurations = (
				C235F2121B4E4D9D00266D80 /* Debug */,
				C235F2131B4E4D9D00266D80 /* Release */,
			);
			defaultConfigurationIsVisible = 0;
		};
		C235F2141B4E4D9D00266D80 /* Build configuration list for PBXNativeTarget "2345678Tests" */ = {
			isa = XCConfigurationList;
			buildConfigurations = (
				C235F2151B4E4D9D00266D80 /* Debug */,
				C235F2161B4E4D9D00266D80 /* Release */,
			);
			defaultConfigurationIsVisible = 0;
		};
/* End XCConfigurationList section */
	};
	rootObject = C235F1E61B4E4D9D00266D80 /* Project object */;
}
